// !$*UTF8*$!
{
	archiveVersion = 1;
	classes = {
	};
	objectVersion = 55;
	objects = {

/* Begin PBXBuildFile section */
		1C15851C28AE66AA0099ABF5 /* HomeScreen.swift in Sources */ = {isa = PBXBuildFile; fileRef = 1C15851B28AE66AA0099ABF5 /* HomeScreen.swift */; };
		1C81923128AE4482004DC9C1 /* FlipCardGameApp.swift in Sources */ = {isa = PBXBuildFile; fileRef = 1C81923028AE4482004DC9C1 /* FlipCardGameApp.swift */; };
		1C81923328AE4482004DC9C1 /* ContentView.swift in Sources */ = {isa = PBXBuildFile; fileRef = 1C81923228AE4482004DC9C1 /* ContentView.swift */; };
		1C81923528AE4483004DC9C1 /* Assets.xcassets in Resources */ = {isa = PBXBuildFile; fileRef = 1C81923428AE4483004DC9C1 /* Assets.xcassets */; };
		1C81923828AE4483004DC9C1 /* Preview Assets.xcassets in Resources */ = {isa = PBXBuildFile; fileRef = 1C81923728AE4483004DC9C1 /* Preview Assets.xcassets */; };
		1C81924228AE4483004DC9C1 /* FlipCardGameTests.swift in Sources */ = {isa = PBXBuildFile; fileRef = 1C81924128AE4483004DC9C1 /* FlipCardGameTests.swift */; };
		1C81924C28AE4483004DC9C1 /* FlipCardGameUITests.swift in Sources */ = {isa = PBXBuildFile; fileRef = 1C81924B28AE4483004DC9C1 /* FlipCardGameUITests.swift */; };
		1C81924E28AE4483004DC9C1 /* FlipCardGameUITestsLaunchTests.swift in Sources */ = {isa = PBXBuildFile; fileRef = 1C81924D28AE4483004DC9C1 /* FlipCardGameUITestsLaunchTests.swift */; };
		1C81925C28AE4528004DC9C1 /* FlashScreen.swift in Sources */ = {isa = PBXBuildFile; fileRef = 1C81925B28AE4528004DC9C1 /* FlashScreen.swift */; };
		1C81925E28AE559D004DC9C1 /* OnBoardingScreen.swift in Sources */ = {isa = PBXBuildFile; fileRef = 1C81925D28AE559D004DC9C1 /* OnBoardingScreen.swift */; };
		1CE94A7728B1FA31001BABB2 /* Memory.swift in Sources */ = {isa = PBXBuildFile; fileRef = 1CE94A7628B1FA31001BABB2 /* Memory.swift */; };
		1CE94A7A28B1FE8B001BABB2 /* CardView.swift in Sources */ = {isa = PBXBuildFile; fileRef = 1CE94A7928B1FE8B001BABB2 /* CardView.swift */; };
		1CE94A7C28B2048F001BABB2 /* GameView.swift in Sources */ = {isa = PBXBuildFile; fileRef = 1CE94A7B28B2048F001BABB2 /* GameView.swift */; };
		1CE94A7E28B21C92001BABB2 /* GIFAnimated.swift in Sources */ = {isa = PBXBuildFile; fileRef = 1CE94A7D28B21C92001BABB2 /* GIFAnimated.swift */; };
		1CE94A8128B21D64001BABB2 /* FLAnimatedImage in Frameworks */ = {isa = PBXBuildFile; productRef = 1CE94A8028B21D64001BABB2 /* FLAnimatedImage */; };
		1CE94A8328B21F45001BABB2 /* giphy.gif in Resources */ = {isa = PBXBuildFile; fileRef = 1CE94A8228B21F45001BABB2 /* giphy.gif */; };
		1CE94A8528B22B9E001BABB2 /* racoon.gif in Resources */ = {isa = PBXBuildFile; fileRef = 1CE94A8428B22B9E001BABB2 /* racoon.gif */; };
		1CE94A8728B22C68001BABB2 /* capoo.gif in Resources */ = {isa = PBXBuildFile; fileRef = 1CE94A8628B22C68001BABB2 /* capoo.gif */; };
/* End PBXBuildFile section */

/* Begin PBXContainerItemProxy section */
		1C81923E28AE4483004DC9C1 /* PBXContainerItemProxy */ = {
			isa = PBXContainerItemProxy;
			containerPortal = 1C81922528AE4482004DC9C1 /* Project object */;
			proxyType = 1;
			remoteGlobalIDString = 1C81922C28AE4482004DC9C1;
			remoteInfo = FlipCardGame;
		};
		1C81924828AE4483004DC9C1 /* PBXContainerItemProxy */ = {
			isa = PBXContainerItemProxy;
			containerPortal = 1C81922528AE4482004DC9C1 /* Project object */;
			proxyType = 1;
			remoteGlobalIDString = 1C81922C28AE4482004DC9C1;
			remoteInfo = FlipCardGame;
		};
/* End PBXContainerItemProxy section */

/* Begin PBXFileReference section */
		1C15851B28AE66AA0099ABF5 /* HomeScreen.swift */ = {isa = PBXFileReference; lastKnownFileType = sourcecode.swift; path = HomeScreen.swift; sourceTree = "<group>"; };
		1C81922D28AE4482004DC9C1 /* FlipCardGame.app */ = {isa = PBXFileReference; explicitFileType = wrapper.application; includeInIndex = 0; path = FlipCardGame.app; sourceTree = BUILT_PRODUCTS_DIR; };
		1C81923028AE4482004DC9C1 /* FlipCardGameApp.swift */ = {isa = PBXFileReference; lastKnownFileType = sourcecode.swift; path = FlipCardGameApp.swift; sourceTree = "<group>"; };
		1C81923228AE4482004DC9C1 /* ContentView.swift */ = {isa = PBXFileReference; lastKnownFileType = sourcecode.swift; path = ContentView.swift; sourceTree = "<group>"; };
		1C81923428AE4483004DC9C1 /* Assets.xcassets */ = {isa = PBXFileReference; lastKnownFileType = folder.assetcatalog; path = Assets.xcassets; sourceTree = "<group>"; };
		1C81923728AE4483004DC9C1 /* Preview Assets.xcassets */ = {isa = PBXFileReference; lastKnownFileType = folder.assetcatalog; path = "Preview Assets.xcassets"; sourceTree = "<group>"; };
		1C81923D28AE4483004DC9C1 /* FlipCardGameTests.xctest */ = {isa = PBXFileReference; explicitFileType = wrapper.cfbundle; includeInIndex = 0; path = FlipCardGameTests.xctest; sourceTree = BUILT_PRODUCTS_DIR; };
		1C81924128AE4483004DC9C1 /* FlipCardGameTests.swift */ = {isa = PBXFileReference; lastKnownFileType = sourcecode.swift; path = FlipCardGameTests.swift; sourceTree = "<group>"; };
		1C81924728AE4483004DC9C1 /* FlipCardGameUITests.xctest */ = {isa = PBXFileReference; explicitFileType = wrapper.cfbundle; includeInIndex = 0; path = FlipCardGameUITests.xctest; sourceTree = BUILT_PRODUCTS_DIR; };
		1C81924B28AE4483004DC9C1 /* FlipCardGameUITests.swift */ = {isa = PBXFileReference; lastKnownFileType = sourcecode.swift; path = FlipCardGameUITests.swift; sourceTree = "<group>"; };
		1C81924D28AE4483004DC9C1 /* FlipCardGameUITestsLaunchTests.swift */ = {isa = PBXFileReference; lastKnownFileType = sourcecode.swift; path = FlipCardGameUITestsLaunchTests.swift; sourceTree = "<group>"; };
		1C81925B28AE4528004DC9C1 /* FlashScreen.swift */ = {isa = PBXFileReference; lastKnownFileType = sourcecode.swift; path = FlashScreen.swift; sourceTree = "<group>"; };
		1C81925D28AE559D004DC9C1 /* OnBoardingScreen.swift */ = {isa = PBXFileReference; lastKnownFileType = sourcecode.swift; path = OnBoardingScreen.swift; sourceTree = "<group>"; };
		1CE94A7628B1FA31001BABB2 /* Memory.swift */ = {isa = PBXFileReference; lastKnownFileType = sourcecode.swift; path = Memory.swift; sourceTree = "<group>"; };
		1CE94A7928B1FE8B001BABB2 /* CardView.swift */ = {isa = PBXFileReference; lastKnownFileType = sourcecode.swift; path = CardView.swift; sourceTree = "<group>"; };
		1CE94A7B28B2048F001BABB2 /* GameView.swift */ = {isa = PBXFileReference; lastKnownFileType = sourcecode.swift; path = GameView.swift; sourceTree = "<group>"; };
		1CE94A7D28B21C92001BABB2 /* GIFAnimated.swift */ = {isa = PBXFileReference; lastKnownFileType = sourcecode.swift; path = GIFAnimated.swift; sourceTree = "<group>"; };
		1CE94A8228B21F45001BABB2 /* giphy.gif */ = {isa = PBXFileReference; lastKnownFileType = image.gif; name = giphy.gif; path = ../../../giphy.gif; sourceTree = "<group>"; };
		1CE94A8428B22B9E001BABB2 /* racoon.gif */ = {isa = PBXFileReference; lastKnownFileType = image.gif; name = racoon.gif; path = ../../../racoon.gif; sourceTree = "<group>"; };
		1CE94A8628B22C68001BABB2 /* capoo.gif */ = {isa = PBXFileReference; lastKnownFileType = image.gif; name = capoo.gif; path = ../../../capoo.gif; sourceTree = "<group>"; };
/* End PBXFileReference section */

/* Begin PBXFrameworksBuildPhase section */
		1C81922A28AE4482004DC9C1 /* Frameworks */ = {
			isa = PBXFrameworksBuildPhase;
			buildActionMask = 2147483647;
			files = (
				1CE94A8128B21D64001BABB2 /* FLAnimatedImage in Frameworks */,
			);
			runOnlyForDeploymentPostprocessing = 0;
		};
		1C81923A28AE4483004DC9C1 /* Frameworks */ = {
			isa = PBXFrameworksBuildPhase;
			buildActionMask = 2147483647;
			files = (
			);
			runOnlyForDeploymentPostprocessing = 0;
		};
		1C81924428AE4483004DC9C1 /* Frameworks */ = {
			isa = PBXFrameworksBuildPhase;
			buildActionMask = 2147483647;
			files = (
			);
			runOnlyForDeploymentPostprocessing = 0;
		};
/* End PBXFrameworksBuildPhase section */

/* Begin PBXGroup section */
		1C15851A28AE66760099ABF5 /* Screens */ = {
			isa = PBXGroup;
			children = (
				1C15851B28AE66AA0099ABF5 /* HomeScreen.swift */,
			);
			path = Screens;
			sourceTree = "<group>";
		};
		1C81922428AE4482004DC9C1 = {
			isa = PBXGroup;
			children = (
				1C81922F28AE4482004DC9C1 /* FlipCardGame */,
				1C81924028AE4483004DC9C1 /* FlipCardGameTests */,
				1C81924A28AE4483004DC9C1 /* FlipCardGameUITests */,
				1C81922E28AE4482004DC9C1 /* Products */,
			);
			sourceTree = "<group>";
		};
		1C81922E28AE4482004DC9C1 /* Products */ = {
			isa = PBXGroup;
			children = (
				1C81922D28AE4482004DC9C1 /* FlipCardGame.app */,
				1C81923D28AE4483004DC9C1 /* FlipCardGameTests.xctest */,
				1C81924728AE4483004DC9C1 /* FlipCardGameUITests.xctest */,
			);
			name = Products;
			sourceTree = "<group>";
		};
		1C81922F28AE4482004DC9C1 /* FlipCardGame */ = {
			isa = PBXGroup;
			children = (
				1CE94A8628B22C68001BABB2 /* capoo.gif */,
				1CE94A8428B22B9E001BABB2 /* racoon.gif */,
				1CE94A8228B21F45001BABB2 /* giphy.gif */,
				1CE94A7828B1FE5E001BABB2 /* View */,
				1CE94A7528B1FA25001BABB2 /* Model */,
				1C15851A28AE66760099ABF5 /* Screens */,
				1C81925A28AE44E2004DC9C1 /* Flash Screen */,
				1C81923028AE4482004DC9C1 /* FlipCardGameApp.swift */,
				1C81923228AE4482004DC9C1 /* ContentView.swift */,
				1C81923428AE4483004DC9C1 /* Assets.xcassets */,
				1C81923628AE4483004DC9C1 /* Preview Content */,
			);
			path = FlipCardGame;
			sourceTree = "<group>";
		};
		1C81923628AE4483004DC9C1 /* Preview Content */ = {
			isa = PBXGroup;
			children = (
				1C81923728AE4483004DC9C1 /* Preview Assets.xcassets */,
			);
			path = "Preview Content";
			sourceTree = "<group>";
		};
		1C81924028AE4483004DC9C1 /* FlipCardGameTests */ = {
			isa = PBXGroup;
			children = (
				1C81924128AE4483004DC9C1 /* FlipCardGameTests.swift */,
			);
			path = FlipCardGameTests;
			sourceTree = "<group>";
		};
		1C81924A28AE4483004DC9C1 /* FlipCardGameUITests */ = {
			isa = PBXGroup;
			children = (
				1C81924B28AE4483004DC9C1 /* FlipCardGameUITests.swift */,
				1C81924D28AE4483004DC9C1 /* FlipCardGameUITestsLaunchTests.swift */,
			);
			path = FlipCardGameUITests;
			sourceTree = "<group>";
		};
		1C81925A28AE44E2004DC9C1 /* Flash Screen */ = {
			isa = PBXGroup;
			children = (
				1C81925B28AE4528004DC9C1 /* FlashScreen.swift */,
				1C81925D28AE559D004DC9C1 /* OnBoardingScreen.swift */,
			);
			path = "Flash Screen";
			sourceTree = "<group>";
		};
		1CE94A7528B1FA25001BABB2 /* Model */ = {
			isa = PBXGroup;
			children = (
				1CE94A7628B1FA31001BABB2 /* Memory.swift */,
			);
			path = Model;
			sourceTree = "<group>";
		};
		1CE94A7828B1FE5E001BABB2 /* View */ = {
			isa = PBXGroup;
			children = (
				1CE94A7928B1FE8B001BABB2 /* CardView.swift */,
				1CE94A7B28B2048F001BABB2 /* GameView.swift */,
				1CE94A7D28B21C92001BABB2 /* GIFAnimated.swift */,
			);
			path = View;
			sourceTree = "<group>";
		};
/* End PBXGroup section */

/* Begin PBXNativeTarget section */
		1C81922C28AE4482004DC9C1 /* FlipCardGame */ = {
			isa = PBXNativeTarget;
			buildConfigurationList = 1C81925128AE4483004DC9C1 /* Build configuration list for PBXNativeTarget "FlipCardGame" */;
			buildPhases = (
				1C81922928AE4482004DC9C1 /* Sources */,
				1C81922A28AE4482004DC9C1 /* Frameworks */,
				1C81922B28AE4482004DC9C1 /* Resources */,
			);
			buildRules = (
			);
			dependencies = (
			);
			name = FlipCardGame;
			packageProductDependencies = (
				1CE94A8028B21D64001BABB2 /* FLAnimatedImage */,
			);
			productName = FlipCardGame;
			productReference = 1C81922D28AE4482004DC9C1 /* FlipCardGame.app */;
			productType = "com.apple.product-type.application";
		};
		1C81923C28AE4483004DC9C1 /* FlipCardGameTests */ = {
			isa = PBXNativeTarget;
			buildConfigurationList = 1C81925428AE4483004DC9C1 /* Build configuration list for PBXNativeTarget "FlipCardGameTests" */;
			buildPhases = (
				1C81923928AE4483004DC9C1 /* Sources */,
				1C81923A28AE4483004DC9C1 /* Frameworks */,
				1C81923B28AE4483004DC9C1 /* Resources */,
			);
			buildRules = (
			);
			dependencies = (
				1C81923F28AE4483004DC9C1 /* PBXTargetDependency */,
			);
			name = FlipCardGameTests;
			productName = FlipCardGameTests;
			productReference = 1C81923D28AE4483004DC9C1 /* FlipCardGameTests.xctest */;
			productType = "com.apple.product-type.bundle.unit-test";
		};
		1C81924628AE4483004DC9C1 /* FlipCardGameUITests */ = {
			isa = PBXNativeTarget;
			buildConfigurationList = 1C81925728AE4483004DC9C1 /* Build configuration list for PBXNativeTarget "FlipCardGameUITests" */;
			buildPhases = (
				1C81924328AE4483004DC9C1 /* Sources */,
				1C81924428AE4483004DC9C1 /* Frameworks */,
				1C81924528AE4483004DC9C1 /* Resources */,
			);
			buildRules = (
			);
			dependencies = (
				1C81924928AE4483004DC9C1 /* PBXTargetDependency */,
			);
			name = FlipCardGameUITests;
			productName = FlipCardGameUITests;
			productReference = 1C81924728AE4483004DC9C1 /* FlipCardGameUITests.xctest */;
			productType = "com.apple.product-type.bundle.ui-testing";
		};
/* End PBXNativeTarget section */

/* Begin PBXProject section */
		1C81922528AE4482004DC9C1 /* Project object */ = {
			isa = PBXProject;
			attributes = {
				BuildIndependentTargetsInParallel = 1;
				LastSwiftUpdateCheck = 1340;
				LastUpgradeCheck = 1340;
				TargetAttributes = {
					1C81922C28AE4482004DC9C1 = {
						CreatedOnToolsVersion = 13.4.1;
					};
					1C81923C28AE4483004DC9C1 = {
						CreatedOnToolsVersion = 13.4.1;
						TestTargetID = 1C81922C28AE4482004DC9C1;
					};
					1C81924628AE4483004DC9C1 = {
						CreatedOnToolsVersion = 13.4.1;
						TestTargetID = 1C81922C28AE4482004DC9C1;
					};
				};
			};
			buildConfigurationList = 1C81922828AE4482004DC9C1 /* Build configuration list for PBXProject "FlipCardGame" */;
			compatibilityVersion = "Xcode 13.0";
			developmentRegion = en;
			hasScannedForEncodings = 0;
			knownRegions = (
				en,
				Base,
			);
			mainGroup = 1C81922428AE4482004DC9C1;
			packageReferences = (
				1CE94A7F28B21D64001BABB2 /* XCRemoteSwiftPackageReference "FLAnimatedImage" */,
			);
			productRefGroup = 1C81922E28AE4482004DC9C1 /* Products */;
			projectDirPath = "";
			projectRoot = "";
			targets = (
				1C81922C28AE4482004DC9C1 /* FlipCardGame */,
				1C81923C28AE4483004DC9C1 /* FlipCardGameTests */,
				1C81924628AE4483004DC9C1 /* FlipCardGameUITests */,
			);
		};
/* End PBXProject section */

/* Begin PBXResourcesBuildPhase section */
		1C81922B28AE4482004DC9C1 /* Resources */ = {
			isa = PBXResourcesBuildPhase;
			buildActionMask = 2147483647;
			files = (
				1CE94A8528B22B9E001BABB2 /* racoon.gif in Resources */,
				1C81923828AE4483004DC9C1 /* Preview Assets.xcassets in Resources */,
				1CE94A8328B21F45001BABB2 /* giphy.gif in Resources */,
				1CE94A8728B22C68001BABB2 /* capoo.gif in Resources */,
				1C81923528AE4483004DC9C1 /* Assets.xcassets in Resources */,
			);
			runOnlyForDeploymentPostprocessing = 0;
		};
		1C81923B28AE4483004DC9C1 /* Resources */ = {
			isa = PBXResourcesBuildPhase;
			buildActionMask = 2147483647;
			files = (
			);
			runOnlyForDeploymentPostprocessing = 0;
		};
		1C81924528AE4483004DC9C1 /* Resources */ = {
			isa = PBXResourcesBuildPhase;
			buildActionMask = 2147483647;
			files = (
			);
			runOnlyForDeploymentPostprocessing = 0;
		};
/* End PBXResourcesBuildPhase section */

/* Begin PBXSourcesBuildPhase section */
		1C81922928AE4482004DC9C1 /* Sources */ = {
			isa = PBXSourcesBuildPhase;
			buildActionMask = 2147483647;
			files = (
				1CE94A7A28B1FE8B001BABB2 /* CardView.swift in Sources */,
				1CE94A7728B1FA31001BABB2 /* Memory.swift in Sources */,
				1C81925E28AE559D004DC9C1 /* OnBoardingScreen.swift in Sources */,
				1C15851C28AE66AA0099ABF5 /* HomeScreen.swift in Sources */,
				1C81925C28AE4528004DC9C1 /* FlashScreen.swift in Sources */,
				1C81923328AE4482004DC9C1 /* ContentView.swift in Sources */,
				1CE94A7C28B2048F001BABB2 /* GameView.swift in Sources */,
				1CE94A7E28B21C92001BABB2 /* GIFAnimated.swift in Sources */,
				1C81923128AE4482004DC9C1 /* FlipCardGameApp.swift in Sources */,
			);
			runOnlyForDeploymentPostprocessing = 0;
		};
		1C81923928AE4483004DC9C1 /* Sources */ = {
			isa = PBXSourcesBuildPhase;
			buildActionMask = 2147483647;
			files = (
				1C81924228AE4483004DC9C1 /* FlipCardGameTests.swift in Sources */,
			);
			runOnlyForDeploymentPostprocessing = 0;
		};
		1C81924328AE4483004DC9C1 /* Sources */ = {
			isa = PBXSourcesBuildPhase;
			buildActionMask = 2147483647;
			files = (
				1C81924C28AE4483004DC9C1 /* FlipCardGameUITests.swift in Sources */,
				1C81924E28AE4483004DC9C1 /* FlipCardGameUITestsLaunchTests.swift in Sources */,
			);
			runOnlyForDeploymentPostprocessing = 0;
		};
/* End PBXSourcesBuildPhase section */

/* Begin PBXTargetDependency section */
		1C81923F28AE4483004DC9C1 /* PBXTargetDependency */ = {
			isa = PBXTargetDependency;
			target = 1C81922C28AE4482004DC9C1 /* FlipCardGame */;
			targetProxy = 1C81923E28AE4483004DC9C1 /* PBXContainerItemProxy */;
		};
		1C81924928AE4483004DC9C1 /* PBXTargetDependency */ = {
			isa = PBXTargetDependency;
			target = 1C81922C28AE4482004DC9C1 /* FlipCardGame */;
			targetProxy = 1C81924828AE4483004DC9C1 /* PBXContainerItemProxy */;
		};
/* End PBXTargetDependency section */

/* Begin XCBuildConfiguration section */
		1C81924F28AE4483004DC9C1 /* Debug */ = {
			isa = XCBuildConfiguration;
			buildSettings = {
				ALWAYS_SEARCH_USER_PATHS = NO;
				CLANG_ANALYZER_NONNULL = YES;
				CLANG_ANALYZER_NUMBER_OBJECT_CONVERSION = YES_AGGRESSIVE;
				CLANG_CXX_LANGUAGE_STANDARD = "gnu++17";
				CLANG_ENABLE_MODULES = YES;
				CLANG_ENABLE_OBJC_ARC = YES;
				CLANG_ENABLE_OBJC_WEAK = YES;
				CLANG_WARN_BLOCK_CAPTURE_AUTORELEASING = YES;
				CLANG_WARN_BOOL_CONVERSION = YES;
				CLANG_WARN_COMMA = YES;
				CLANG_WARN_CONSTANT_CONVERSION = YES;
				CLANG_WARN_DEPRECATED_OBJC_IMPLEMENTATIONS = YES;
				CLANG_WARN_DIRECT_OBJC_ISA_USAGE = YES_ERROR;
				CLANG_WARN_DOCUMENTATION_COMMENTS = YES;
				CLANG_WARN_EMPTY_BODY = YES;
				CLANG_WARN_ENUM_CONVERSION = YES;
				CLANG_WARN_INFINITE_RECURSION = YES;
				CLANG_WARN_INT_CONVERSION = YES;
				CLANG_WARN_NON_LITERAL_NULL_CONVERSION = YES;
				CLANG_WARN_OBJC_IMPLICIT_RETAIN_SELF = YES;
				CLANG_WARN_OBJC_LITERAL_CONVERSION = YES;
				CLANG_WARN_OBJC_ROOT_CLASS = YES_ERROR;
				CLANG_WARN_QUOTED_INCLUDE_IN_FRAMEWORK_HEADER = YES;
				CLANG_WARN_RANGE_LOOP_ANALYSIS = YES;
				CLANG_WARN_STRICT_PROTOTYPES = YES;
				CLANG_WARN_SUSPICIOUS_MOVE = YES;
				CLANG_WARN_UNGUARDED_AVAILABILITY = YES_AGGRESSIVE;
				CLANG_WARN_UNREACHABLE_CODE = YES;
				CLANG_WARN__DUPLICATE_METHOD_MATCH = YES;
				COPY_PHASE_STRIP = NO;
				DEBUG_INFORMATION_FORMAT = dwarf;
				ENABLE_STRICT_OBJC_MSGSEND = YES;
				ENABLE_TESTABILITY = YES;
				GCC_C_LANGUAGE_STANDARD = gnu11;
				GCC_DYNAMIC_NO_PIC = NO;
				GCC_NO_COMMON_BLOCKS = YES;
				GCC_OPTIMIZATION_LEVEL = 0;
				GCC_PREPROCESSOR_DEFINITIONS = (
					"DEBUG=1",
					"$(inherited)",
				);
				GCC_WARN_64_TO_32_BIT_CONVERSION = YES;
				GCC_WARN_ABOUT_RETURN_TYPE = YES_ERROR;
				GCC_WARN_UNDECLARED_SELECTOR = YES;
				GCC_WARN_UNINITIALIZED_AUTOS = YES_AGGRESSIVE;
				GCC_WARN_UNUSED_FUNCTION = YES;
				GCC_WARN_UNUSED_VARIABLE = YES;
				IPHONEOS_DEPLOYMENT_TARGET = 15.5;
				MTL_ENABLE_DEBUG_INFO = INCLUDE_SOURCE;
				MTL_FAST_MATH = YES;
				ONLY_ACTIVE_ARCH = YES;
				SDKROOT = iphoneos;
				SWIFT_ACTIVE_COMPILATION_CONDITIONS = DEBUG;
				SWIFT_OPTIMIZATION_LEVEL = "-Onone";
			};
			name = Debug;
		};
		1C81925028AE4483004DC9C1 /* Release */ = {
			isa = XCBuildConfiguration;
			buildSettings = {
				ALWAYS_SEARCH_USER_PATHS = NO;
				CLANG_ANALYZER_NONNULL = YES;
				CLANG_ANALYZER_NUMBER_OBJECT_CONVERSION = YES_AGGRESSIVE;
				CLANG_CXX_LANGUAGE_STANDARD = "gnu++17";
				CLANG_ENABLE_MODULES = YES;
				CLANG_ENABLE_OBJC_ARC = YES;
				CLANG_ENABLE_OBJC_WEAK = YES;
				CLANG_WARN_BLOCK_CAPTURE_AUTORELEASING = YES;
				CLANG_WARN_BOOL_CONVERSION = YES;
				CLANG_WARN_COMMA = YES;
				CLANG_WARN_CONSTANT_CONVERSION = YES;
				CLANG_WARN_DEPRECATED_OBJC_IMPLEMENTATIONS = YES;
				CLANG_WARN_DIRECT_OBJC_ISA_USAGE = YES_ERROR;
				CLANG_WARN_DOCUMENTATION_COMMENTS = YES;
				CLANG_WARN_EMPTY_BODY = YES;
				CLANG_WARN_ENUM_CONVERSION = YES;
				CLANG_WARN_INFINITE_RECURSION = YES;
				CLANG_WARN_INT_CONVERSION = YES;
				CLANG_WARN_NON_LITERAL_NULL_CONVERSION = YES;
				CLANG_WARN_OBJC_IMPLICIT_RETAIN_SELF = YES;
				CLANG_WARN_OBJC_LITERAL_CONVERSION = YES;
				CLANG_WARN_OBJC_ROOT_CLASS = YES_ERROR;
				CLANG_WARN_QUOTED_INCLUDE_IN_FRAMEWORK_HEADER = YES;
				CLANG_WARN_RANGE_LOOP_ANALYSIS = YES;
				CLANG_WARN_STRICT_PROTOTYPES = YES;
				CLANG_WARN_SUSPICIOUS_MOVE = YES;
				CLANG_WARN_UNGUARDED_AVAILABILITY = YES_AGGRESSIVE;
				CLANG_WARN_UNREACHABLE_CODE = YES;
				CLANG_WARN__DUPLICATE_METHOD_MATCH = YES;
				COPY_PHASE_STRIP = NO;
				DEBUG_INFORMATION_FORMAT = "dwarf-with-dsym";
				ENABLE_NS_ASSERTIONS = NO;
				ENABLE_STRICT_OBJC_MSGSEND = YES;
				GCC_C_LANGUAGE_STANDARD = gnu11;
				GCC_NO_COMMON_BLOCKS = YES;
				GCC_WARN_64_TO_32_BIT_CONVERSION = YES;
				GCC_WARN_ABOUT_RETURN_TYPE = YES_ERROR;
				GCC_WARN_UNDECLARED_SELECTOR = YES;
				GCC_WARN_UNINITIALIZED_AUTOS = YES_AGGRESSIVE;
				GCC_WARN_UNUSED_FUNCTION = YES;
				GCC_WARN_UNUSED_VARIABLE = YES;
				IPHONEOS_DEPLOYMENT_TARGET = 15.5;
				MTL_ENABLE_DEBUG_INFO = NO;
				MTL_FAST_MATH = YES;
				SDKROOT = iphoneos;
				SWIFT_COMPILATION_MODE = wholemodule;
				SWIFT_OPTIMIZATION_LEVEL = "-O";
				VALIDATE_PRODUCT = YES;
			};
			name = Release;
		};
		1C81925228AE4483004DC9C1 /* Debug */ = {
			isa = XCBuildConfiguration;
			buildSettings = {
				ASSETCATALOG_COMPILER_APPICON_NAME = AppIcon;
				ASSETCATALOG_COMPILER_GLOBAL_ACCENT_COLOR_NAME = AccentColor;
				CODE_SIGN_STYLE = Automatic;
				CURRENT_PROJECT_VERSION = 1;
				DEVELOPMENT_ASSET_PATHS = "\"FlipCardGame/Preview Content\"";
				ENABLE_PREVIEWS = YES;
				GENERATE_INFOPLIST_FILE = YES;
				INFOPLIST_KEY_UIApplicationSceneManifest_Generation = YES;
				INFOPLIST_KEY_UIApplicationSupportsIndirectInputEvents = YES;
				INFOPLIST_KEY_UILaunchScreen_Generation = YES;
				INFOPLIST_KEY_UISupportedInterfaceOrientations_iPad = "UIInterfaceOrientationPortrait UIInterfaceOrientationPortraitUpsideDown UIInterfaceOrientationLandscapeLeft UIInterfaceOrientationLandscapeRight";
				INFOPLIST_KEY_UISupportedInterfaceOrientations_iPhone = "UIInterfaceOrientationPortrait UIInterfaceOrientationLandscapeLeft UIInterfaceOrientationLandscapeRight";
				LD_RUNPATH_SEARCH_PATHS = (
					"$(inherited)",
					"@executable_path/Frameworks",
				);
				MARKETING_VERSION = 1.0;
				PRODUCT_BUNDLE_IDENTIFIER = rmit.edu.vn.FlipCardGame;
				PRODUCT_NAME = "$(TARGET_NAME)";
				SWIFT_EMIT_LOC_STRINGS = YES;
				SWIFT_VERSION = 5.0;
				TARGETED_DEVICE_FAMILY = "1,2";
			};
			name = Debug;
		};
		1C81925328AE4483004DC9C1 /* Release */ = {
			isa = XCBuildConfiguration;
			buildSettings = {
				ASSETCATALOG_COMPILER_APPICON_NAME = AppIcon;
				ASSETCATALOG_COMPILER_GLOBAL_ACCENT_COLOR_NAME = AccentColor;
				CODE_SIGN_STYLE = Automatic;
				CURRENT_PROJECT_VERSION = 1;
				DEVELOPMENT_ASSET_PATHS = "\"FlipCardGame/Preview Content\"";
				ENABLE_PREVIEWS = YES;
				GENERATE_INFOPLIST_FILE = YES;
				INFOPLIST_KEY_UIApplicationSceneManifest_Generation = YES;
				INFOPLIST_KEY_UIApplicationSupportsIndirectInputEvents = YES;
				INFOPLIST_KEY_UILaunchScreen_Generation = YES;
				INFOPLIST_KEY_UISupportedInterfaceOrientations_iPad = "UIInterfaceOrientationPortrait UIInterfaceOrientationPortraitUpsideDown UIInterfaceOrientationLandscapeLeft UIInterfaceOrientationLandscapeRight";
				INFOPLIST_KEY_UISupportedInterfaceOrientations_iPhone = "UIInterfaceOrientationPortrait UIInterfaceOrientationLandscapeLeft UIInterfaceOrientationLandscapeRight";
				LD_RUNPATH_SEARCH_PATHS = (
					"$(inherited)",
					"@executable_path/Frameworks",
				);
				MARKETING_VERSION = 1.0;
				PRODUCT_BUNDLE_IDENTIFIER = rmit.edu.vn.FlipCardGame;
				PRODUCT_NAME = "$(TARGET_NAME)";
				SWIFT_EMIT_LOC_STRINGS = YES;
				SWIFT_VERSION = 5.0;
				TARGETED_DEVICE_FAMILY = "1,2";
			};
			name = Release;
		};
		1C81925528AE4483004DC9C1 /* Debug */ = {
			isa = XCBuildConfiguration;
			buildSettings = {
				ALWAYS_EMBED_SWIFT_STANDARD_LIBRARIES = YES;
				BUNDLE_LOADER = "$(TEST_HOST)";
				CODE_SIGN_STYLE = Automatic;
				CURRENT_PROJECT_VERSION = 1;
				GENERATE_INFOPLIST_FILE = YES;
				IPHONEOS_DEPLOYMENT_TARGET = 15.5;
				MARKETING_VERSION = 1.0;
				PRODUCT_BUNDLE_IDENTIFIER = rmit.edu.vn.FlipCardGameTests;
				PRODUCT_NAME = "$(TARGET_NAME)";
				SWIFT_EMIT_LOC_STRINGS = NO;
				SWIFT_VERSION = 5.0;
				TARGETED_DEVICE_FAMILY = "1,2";
				TEST_HOST = "$(BUILT_PRODUCTS_DIR)/FlipCardGame.app/FlipCardGame";
			};
			name = Debug;
		};
		1C81925628AE4483004DC9C1 /* Release */ = {
			isa = XCBuildConfiguration;
			buildSettings = {
				ALWAYS_EMBED_SWIFT_STANDARD_LIBRARIES = YES;
				BUNDLE_LOADER = "$(TEST_HOST)";
				CODE_SIGN_STYLE = Automatic;
				CURRENT_PROJECT_VERSION = 1;
				GENERATE_INFOPLIST_FILE = YES;
				IPHONEOS_DEPLOYMENT_TARGET = 15.5;
				MARKETING_VERSION = 1.0;
				PRODUCT_BUNDLE_IDENTIFIER = rmit.edu.vn.FlipCardGameTests;
				PRODUCT_NAME = "$(TARGET_NAME)";
				SWIFT_EMIT_LOC_STRINGS = NO;
				SWIFT_VERSION = 5.0;
				TARGETED_DEVICE_FAMILY = "1,2";
				TEST_HOST = "$(BUILT_PRODUCTS_DIR)/FlipCardGame.app/FlipCardGame";
			};
			name = Release;
		};
		1C81925828AE4483004DC9C1 /* Debug */ = {
			isa = XCBuildConfiguration;
			buildSettings = {
				ALWAYS_EMBED_SWIFT_STANDARD_LIBRARIES = YES;
				CODE_SIGN_STYLE = Automatic;
				CURRENT_PROJECT_VERSION = 1;
				GENERATE_INFOPLIST_FILE = YES;
				MARKETING_VERSION = 1.0;
				PRODUCT_BUNDLE_IDENTIFIER = rmit.edu.vn.FlipCardGameUITests;
				PRODUCT_NAME = "$(TARGET_NAME)";
				SWIFT_EMIT_LOC_STRINGS = NO;
				SWIFT_VERSION = 5.0;
				TARGETED_DEVICE_FAMILY = "1,2";
				TEST_TARGET_NAME = FlipCardGame;
			};
			name = Debug;
		};
		1C81925928AE4483004DC9C1 /* Release */ = {
			isa = XCBuildConfiguration;
			buildSettings = {
				ALWAYS_EMBED_SWIFT_STANDARD_LIBRARIES = YES;
				CODE_SIGN_STYLE = Automatic;
				CURRENT_PROJECT_VERSION = 1;
				GENERATE_INFOPLIST_FILE = YES;
				MARKETING_VERSION = 1.0;
				PRODUCT_BUNDLE_IDENTIFIER = rmit.edu.vn.FlipCardGameUITests;
				PRODUCT_NAME = "$(TARGET_NAME)";
				SWIFT_EMIT_LOC_STRINGS = NO;
				SWIFT_VERSION = 5.0;
				TARGETED_DEVICE_FAMILY = "1,2";
				TEST_TARGET_NAME = FlipCardGame;
			};
			name = Release;
		};
/* End XCBuildConfiguration section */

/* Begin XCConfigurationList section */
		1C81922828AE4482004DC9C1 /* Build configuration list for PBXProject "FlipCardGame" */ = {
			isa = XCConfigurationList;
			buildConfigurations = (
				1C81924F28AE4483004DC9C1 /* Debug */,
				1C81925028AE4483004DC9C1 /* Release */,
			);
			defaultConfigurationIsVisible = 0;
			defaultConfigurationName = Release;
		};
		1C81925128AE4483004DC9C1 /* Build configuration list for PBXNativeTarget "FlipCardGame" */ = {
			isa = XCConfigurationList;
			buildConfigurations = (
				1C81925228AE4483004DC9C1 /* Debug */,
				1C81925328AE4483004DC9C1 /* Release */,
			);
			defaultConfigurationIsVisible = 0;
			defaultConfigurationName = Release;
		};
		1C81925428AE4483004DC9C1 /* Build configuration list for PBXNativeTarget "FlipCardGameTests" */ = {
			isa = XCConfigurationList;
			buildConfigurations = (
				1C81925528AE4483004DC9C1 /* Debug */,
				1C81925628AE4483004DC9C1 /* Release */,
			);
			defaultConfigurationIsVisible = 0;
			defaultConfigurationName = Release;
		};
		1C81925728AE4483004DC9C1 /* Build configuration list for PBXNativeTarget "FlipCardGameUITests" */ = {
			isa = XCConfigurationList;
			buildConfigurations = (
				1C81925828AE4483004DC9C1 /* Debug */,
				1C81925928AE4483004DC9C1 /* Release */,
			);
			defaultConfigurationIsVisible = 0;
			defaultConfigurationName = Release;
		};
/* End XCConfigurationList section */

/* Begin XCRemoteSwiftPackageReference section */
		1CE94A7F28B21D64001BABB2 /* XCRemoteSwiftPackageReference "FLAnimatedImage" */ = {
			isa = XCRemoteSwiftPackageReference;
			repositoryURL = "https://github.com/Flipboard/FLAnimatedImage";
			requirement = {
				kind = upToNextMajorVersion;
				minimumVersion = 1.0.0;
			};
		};
/* End XCRemoteSwiftPackageReference section */

/* Begin XCSwiftPackageProductDependency section */
		1CE94A8028B21D64001BABB2 /* FLAnimatedImage */ = {
			isa = XCSwiftPackageProductDependency;
			package = 1CE94A7F28B21D64001BABB2 /* XCRemoteSwiftPackageReference "FLAnimatedImage" */;
			productName = FLAnimatedImage;
		};
/* End XCSwiftPackageProductDependency section */
	};
	rootObject = 1C81922528AE4482004DC9C1 /* Project object */;
}
